{
  "object": {
    "pins": [
      {
        "package": "ios_system",
        "repositoryURL": "https://github.com/holzschu/ios_system.git",
        "state": {
          "branch": "master",
          "revision": "8955eab3ace5cd42614ff1e1f0d4de133e62036f",
          "version": null
        }
      }
    ]
  },
  "version": 1
}
